// !$*UTF8*$!
{
	archiveVersion = 1;
	classes = {
	};
	objectVersion = 46;
	objects = {

/* Begin PBXBuildFile section */
		226E62DF19CC8C4900C3B6A3 /* UIKit.framework in Frameworks */ = {isa = PBXBuildFile; fileRef = 226E62DE19CC8C4900C3B6A3 /* UIKit.framework */; };
		226E62E119CC8C4900C3B6A3 /* Foundation.framework in Frameworks */ = {isa = PBXBuildFile; fileRef = 226E62E019CC8C4900C3B6A3 /* Foundation.framework */; };
		226E62E319CC8C4900C3B6A3 /* CoreGraphics.framework in Frameworks */ = {isa = PBXBuildFile; fileRef = 226E62E219CC8C4900C3B6A3 /* CoreGraphics.framework */; };
		226E62E919CC8C4900C3B6A3 /* InfoPlist.strings in Resources */ = {isa = PBXBuildFile; fileRef = 226E62E719CC8C4900C3B6A3 /* InfoPlist.strings */; };
		226E62EB19CC8C4900C3B6A3 /* main.m in Sources */ = {isa = PBXBuildFile; fileRef = 226E62EA19CC8C4900C3B6A3 /* main.m */; };
		226E62EF19CC8C4900C3B6A3 /* firstAppDelegate.m in Sources */ = {isa = PBXBuildFile; fileRef = 226E62EE19CC8C4900C3B6A3 /* firstAppDelegate.m */; };
		226E62F219CC8C4900C3B6A3 /* MainStoryboard.storyboard in Resources */ = {isa = PBXBuildFile; fileRef = 226E62F019CC8C4900C3B6A3 /* MainStoryboard.storyboard */; };
		226E62F519CC8C4900C3B6A3 /* firstViewController.m in Sources */ = {isa = PBXBuildFile; fileRef = 226E62F419CC8C4900C3B6A3 /* firstViewController.m */; };
		226E62FD19CC8C4900C3B6A3 /* SenTestingKit.framework in Frameworks */ = {isa = PBXBuildFile; fileRef = 226E62FC19CC8C4900C3B6A3 /* SenTestingKit.framework */; };
		226E62FE19CC8C4900C3B6A3 /* UIKit.framework in Frameworks */ = {isa = PBXBuildFile; fileRef = 226E62DE19CC8C4900C3B6A3 /* UIKit.framework */; };
		226E62FF19CC8C4900C3B6A3 /* Foundation.framework in Frameworks */ = {isa = PBXBuildFile; fileRef = 226E62E019CC8C4900C3B6A3 /* Foundation.framework */; };
		226E630719CC8C4900C3B6A3 /* InfoPlist.strings in Resources */ = {isa = PBXBuildFile; fileRef = 226E630519CC8C4900C3B6A3 /* InfoPlist.strings */; };
		226E630A19CC8C4900C3B6A3 /* ganeshTests.m in Sources */ = {isa = PBXBuildFile; fileRef = 226E630919CC8C4900C3B6A3 /* ganeshTests.m */; };
		2271CFC719D3138B00B3F68E /* glow.jpg in Resources */ = {isa = PBXBuildFile; fileRef = 2271CFC519D3138B00B3F68E /* glow.jpg */; };
		2271CFC819D3138B00B3F68E /* unglow.jpg in Resources */ = {isa = PBXBuildFile; fileRef = 2271CFC619D3138B00B3F68E /* unglow.jpg */; };
		2271CFCC19D3162E00B3F68E /* evenmat.m in Sources */ = {isa = PBXBuildFile; fileRef = 2271CFCB19D3162E00B3F68E /* evenmat.m */; };
		2271CFCF19D3163D00B3F68E /* oddmat.m in Sources */ = {isa = PBXBuildFile; fileRef = 2271CFCE19D3163D00B3F68E /* oddmat.m */; };
		2272019F19D4787100E9F95A /* bulb1edit.jpg in Resources */ = {isa = PBXBuildFile; fileRef = 2272019D19D4787100E9F95A /* bulb1edit.jpg */; };
		227201A019D4787100E9F95A /* electrifyedit.jpg in Resources */ = {isa = PBXBuildFile; fileRef = 2272019E19D4787100E9F95A /* electrifyedit.jpg */; };
		22739BBC19D1CAF800AC516B /* blub1.jpg in Resources */ = {isa = PBXBuildFile; fileRef = 22739BBB19D1CAF800AC516B /* blub1.jpg */; };
		22739BBF19D1CB2E00AC516B /* blub2.jpg in Resources */ = {isa = PBXBuildFile; fileRef = 22739BBE19D1CB2E00AC516B /* blub2.jpg */; };
		22739BC219D1CD3600AC516B /* hard.m in Sources */ = {isa = PBXBuildFile; fileRef = 22739BC119D1CD3600AC516B /* hard.m */; };
		22739BC919D1DE2900AC516B /* easylevelcase.m in Sources */ = {isa = PBXBuildFile; fileRef = 22739BC819D1DE2800AC516B /* easylevelcase.m */; };
		22739BCF19D1E63400AC516B /* backgroundedited.jpg in Resources */ = {isa = PBXBuildFile; fileRef = 22739BCD19D1E63400AC516B /* backgroundedited.jpg */; };
		22739BD019D1E63400AC516B /* blub1edited.jpg in Resources */ = {isa = PBXBuildFile; fileRef = 22739BCE19D1E63400AC516B /* blub1edited.jpg */; };
		2274088719D4599D00F339C7 /* Hyderabad Metro Rail Limited_files.jpg in Resources */ = {isa = PBXBuildFile; fileRef = 2274088619D4599D00F339C7 /* Hyderabad Metro Rail Limited_files.jpg */; };
		2274F55A19D07E9E0041B7EF /* background.jpg in Resources */ = {isa = PBXBuildFile; fileRef = 2274F55919D07E9E0041B7EF /* background.jpg */; };
		2274F5A819D094740041B7EF /* back.jpg in Resources */ = {isa = PBXBuildFile; fileRef = 2274F5A719D094740041B7EF /* back.jpg */; };
		2274F5AB19D097C50041B7EF /* easy.m in Sources */ = {isa = PBXBuildFile; fileRef = 2274F5AA19D097C50041B7EF /* easy.m */; };
		22752B0C19D6C96B0019D5F6 /* bulbedited.jpg in Resources */ = {isa = PBXBuildFile; fileRef = 22752B0B19D6C96B0019D5F6 /* bulbedited.jpg */; };
		22752B1919D6D0DC0019D5F6 /* undo33.jpg in Resources */ = {isa = PBXBuildFile; fileRef = 22752B1819D6D0DC0019D5F6 /* undo33.jpg */; };
		2276A71619D5D19F003430EC /* bulb.jpg in Resources */ = {isa = PBXBuildFile; fileRef = 2276A71519D5D19F003430EC /* bulb.jpg */; };
/* End PBXBuildFile section */

/* Begin PBXContainerItemProxy section */
		226E630019CC8C4900C3B6A3 /* PBXContainerItemProxy */ = {
			isa = PBXContainerItemProxy;
			containerPortal = 226E62D119CC8C4800C3B6A3 /* Project object */;
			proxyType = 1;
			remoteGlobalIDString = 226E62D919CC8C4900C3B6A3;
			remoteInfo = ganesh;
		};
/* End PBXContainerItemProxy section */

/* Begin PBXFileReference section */
		226E62DA19CC8C4900C3B6A3 /* ganesh.app */ = {isa = PBXFileReference; explicitFileType = wrapper.application; includeInIndex = 0; path = ganesh.app; sourceTree = BUILT_PRODUCTS_DIR; };
		226E62DE19CC8C4900C3B6A3 /* UIKit.framework */ = {isa = PBXFileReference; lastKnownFileType = wrapper.framework; name = UIKit.framework; path = System/Library/Frameworks/UIKit.framework; sourceTree = SDKROOT; };
		226E62E019CC8C4900C3B6A3 /* Foundation.framework */ = {isa = PBXFileReference; lastKnownFileType = wrapper.framework; name = Foundation.framework; path = System/Library/Frameworks/Foundation.framework; sourceTree = SDKROOT; };
		226E62E219CC8C4900C3B6A3 /* CoreGraphics.framework */ = {isa = PBXFileReference; lastKnownFileType = wrapper.framework; name = CoreGraphics.framework; path = System/Library/Frameworks/CoreGraphics.framework; sourceTree = SDKROOT; };
		226E62E619CC8C4900C3B6A3 /* ganesh-Info.plist */ = {isa = PBXFileReference; lastKnownFileType = text.plist.xml; path = "ganesh-Info.plist"; sourceTree = "<group>"; };
		226E62E819CC8C4900C3B6A3 /* en */ = {isa = PBXFileReference; lastKnownFileType = text.plist.strings; name = en; path = en.lproj/InfoPlist.strings; sourceTree = "<group>"; };
		226E62EA19CC8C4900C3B6A3 /* main.m */ = {isa = PBXFileReference; lastKnownFileType = sourcecode.c.objc; path = main.m; sourceTree = "<group>"; };
		226E62EC19CC8C4900C3B6A3 /* ganesh-Prefix.pch */ = {isa = PBXFileReference; lastKnownFileType = sourcecode.c.h; path = "ganesh-Prefix.pch"; sourceTree = "<group>"; };
		226E62ED19CC8C4900C3B6A3 /* firstAppDelegate.h */ = {isa = PBXFileReference; lastKnownFileType = sourcecode.c.h; path = firstAppDelegate.h; sourceTree = "<group>"; };
		226E62EE19CC8C4900C3B6A3 /* firstAppDelegate.m */ = {isa = PBXFileReference; lastKnownFileType = sourcecode.c.objc; path = firstAppDelegate.m; sourceTree = "<group>"; };
		226E62F119CC8C4900C3B6A3 /* en */ = {isa = PBXFileReference; lastKnownFileType = file.storyboard; name = en; path = en.lproj/MainStoryboard.storyboard; sourceTree = "<group>"; };
		226E62F319CC8C4900C3B6A3 /* firstViewController.h */ = {isa = PBXFileReference; lastKnownFileType = sourcecode.c.h; path = firstViewController.h; sourceTree = "<group>"; };
		226E62F419CC8C4900C3B6A3 /* firstViewController.m */ = {isa = PBXFileReference; lastKnownFileType = sourcecode.c.objc; path = firstViewController.m; sourceTree = "<group>"; };
		226E62FB19CC8C4900C3B6A3 /* ganeshTests.octest */ = {isa = PBXFileReference; explicitFileType = wrapper.cfbundle; includeInIndex = 0; path = ganeshTests.octest; sourceTree = BUILT_PRODUCTS_DIR; };
		226E62FC19CC8C4900C3B6A3 /* SenTestingKit.framework */ = {isa = PBXFileReference; lastKnownFileType = wrapper.framework; name = SenTestingKit.framework; path = Library/Frameworks/SenTestingKit.framework; sourceTree = DEVELOPER_DIR; };
		226E630419CC8C4900C3B6A3 /* ganeshTests-Info.plist */ = {isa = PBXFileReference; lastKnownFileType = text.plist.xml; path = "ganeshTests-Info.plist"; sourceTree = "<group>"; };
		226E630619CC8C4900C3B6A3 /* en */ = {isa = PBXFileReference; lastKnownFileType = text.plist.strings; name = en; path = en.lproj/InfoPlist.strings; sourceTree = "<group>"; };
		226E630819CC8C4900C3B6A3 /* ganeshTests.h */ = {isa = PBXFileReference; lastKnownFileType = sourcecode.c.h; path = ganeshTests.h; sourceTree = "<group>"; };
		226E630919CC8C4900C3B6A3 /* ganeshTests.m */ = {isa = PBXFileReference; lastKnownFileType = sourcecode.c.objc; path = ganeshTests.m; sourceTree = "<group>"; };
		2271CFC519D3138B00B3F68E /* glow.jpg */ = {isa = PBXFileReference; lastKnownFileType = image.jpeg; path = glow.jpg; sourceTree = "<group>"; };
		2271CFC619D3138B00B3F68E /* unglow.jpg */ = {isa = PBXFileReference; lastKnownFileType = image.jpeg; path = unglow.jpg; sourceTree = "<group>"; };
		2271CFCA19D3162E00B3F68E /* evenmat.h */ = {isa = PBXFileReference; fileEncoding = 4; lastKnownFileType = sourcecode.c.h; path = evenmat.h; sourceTree = "<group>"; };
		2271CFCB19D3162E00B3F68E /* evenmat.m */ = {isa = PBXFileReference; fileEncoding = 4; lastKnownFileType = sourcecode.c.objc; path = evenmat.m; sourceTree = "<group>"; };
		2271CFCD19D3163D00B3F68E /* oddmat.h */ = {isa = PBXFileReference; fileEncoding = 4; lastKnownFileType = sourcecode.c.h; path = oddmat.h; sourceTree = "<group>"; };
		2271CFCE19D3163D00B3F68E /* oddmat.m */ = {isa = PBXFileReference; fileEncoding = 4; lastKnownFileType = sourcecode.c.objc; path = oddmat.m; sourceTree = "<group>"; };
		2272019D19D4787100E9F95A /* bulb1edit.jpg */ = {isa = PBXFileReference; lastKnownFileType = image.jpeg; path = bulb1edit.jpg; sourceTree = "<group>"; };
		2272019E19D4787100E9F95A /* electrifyedit.jpg */ = {isa = PBXFileReference; lastKnownFileType = image.jpeg; path = electrifyedit.jpg; sourceTree = "<group>"; };
		22739BBB19D1CAF800AC516B /* blub1.jpg */ = {isa = PBXFileReference; lastKnownFileType = image.jpeg; path = blub1.jpg; sourceTree = "<group>"; };
		22739BBE19D1CB2E00AC516B /* blub2.jpg */ = {isa = PBXFileReference; lastKnownFileType = image.jpeg; path = blub2.jpg; sourceTree = "<group>"; };
		22739BC019D1CD3600AC516B /* hard.h */ = {isa = PBXFileReference; fileEncoding = 4; lastKnownFileType = sourcecode.c.h; path = hard.h; sourceTree = "<group>"; };
		22739BC119D1CD3600AC516B /* hard.m */ = {isa = PBXFileReference; fileEncoding = 4; lastKnownFileType = sourcecode.c.objc; path = hard.m; sourceTree = "<group>"; };
		22739BC719D1DE2800AC516B /* easylevelcase.h */ = {isa = PBXFileReference; fileEncoding = 4; lastKnownFileType = sourcecode.c.h; path = easylevelcase.h; sourceTree = "<group>"; };
		22739BC819D1DE2800AC516B /* easylevelcase.m */ = {isa = PBXFileReference; fileEncoding = 4; lastKnownFileType = sourcecode.c.objc; path = easylevelcase.m; sourceTree = "<group>"; };
		22739BCD19D1E63400AC516B /* backgroundedited.jpg */ = {isa = PBXFileReference; lastKnownFileType = image.jpeg; path = backgroundedited.jpg; sourceTree = "<group>"; };
		22739BCE19D1E63400AC516B /* blub1edited.jpg */ = {isa = PBXFileReference; lastKnownFileType = image.jpeg; path = blub1edited.jpg; sourceTree = "<group>"; };
		2274088619D4599D00F339C7 /* Hyderabad Metro Rail Limited_files.jpg */ = {isa = PBXFileReference; lastKnownFileType = image.jpeg; path = "Hyderabad Metro Rail Limited_files.jpg"; sourceTree = "<group>"; };
		2274F55919D07E9E0041B7EF /* background.jpg */ = {isa = PBXFileReference; lastKnownFileType = image.jpeg; path = background.jpg; sourceTree = "<group>"; };
		2274F5A719D094740041B7EF /* back.jpg */ = {isa = PBXFileReference; lastKnownFileType = image.jpeg; path = back.jpg; sourceTree = "<group>"; };
		2274F5A919D097C50041B7EF /* easy.h */ = {isa = PBXFileReference; fileEncoding = 4; lastKnownFileType = sourcecode.c.h; path = easy.h; sourceTree = "<group>"; };
		2274F5AA19D097C50041B7EF /* easy.m */ = {isa = PBXFileReference; fileEncoding = 4; lastKnownFileType = sourcecode.c.objc; path = easy.m; sourceTree = "<group>"; };
		22752B0B19D6C96B0019D5F6 /* bulbedited.jpg */ = {isa = PBXFileReference; lastKnownFileType = image.jpeg; path = bulbedited.jpg; sourceTree = "<group>"; };
		22752B1819D6D0DC0019D5F6 /* undo33.jpg */ = {isa = PBXFileReference; lastKnownFileType = image.jpeg; path = undo33.jpg; sourceTree = "<group>"; };
		2276A71519D5D19F003430EC /* bulb.jpg */ = {isa = PBXFileReference; lastKnownFileType = image.jpeg; path = bulb.jpg; sourceTree = "<group>"; };
/* End PBXFileReference section */

/* Begin PBXFrameworksBuildPhase section */
		226E62D719CC8C4900C3B6A3 /* Frameworks */ = {
			isa = PBXFrameworksBuildPhase;
			buildActionMask = 2147483647;
			files = (
				226E62DF19CC8C4900C3B6A3 /* UIKit.framework in Frameworks */,
				226E62E119CC8C4900C3B6A3 /* Foundation.framework in Frameworks */,
				226E62E319CC8C4900C3B6A3 /* CoreGraphics.framework in Frameworks */,
			);
			runOnlyForDeploymentPostprocessing = 0;
		};
		226E62F719CC8C4900C3B6A3 /* Frameworks */ = {
			isa = PBXFrameworksBuildPhase;
			buildActionMask = 2147483647;
			files = (
				226E62FD19CC8C4900C3B6A3 /* SenTestingKit.framework in Frameworks */,
				226E62FE19CC8C4900C3B6A3 /* UIKit.framework in Frameworks */,
				226E62FF19CC8C4900C3B6A3 /* Foundation.framework in Frameworks */,
			);
			runOnlyForDeploymentPostprocessing = 0;
		};
/* End PBXFrameworksBuildPhase section */

/* Begin PBXGroup section */
		226E62CF19CC8C4800C3B6A3 = {
			isa = PBXGroup;
			children = (
				226E62E419CC8C4900C3B6A3 /* ganesh */,
				226E630219CC8C4900C3B6A3 /* ganeshTests */,
				226E62DD19CC8C4900C3B6A3 /* Frameworks */,
				226E62DB19CC8C4900C3B6A3 /* Products */,
			);
			sourceTree = "<group>";
		};
		226E62DB19CC8C4900C3B6A3 /* Products */ = {
			isa = PBXGroup;
			children = (
				226E62DA19CC8C4900C3B6A3 /* ganesh.app */,
				226E62FB19CC8C4900C3B6A3 /* ganeshTests.octest */,
			);
			name = Products;
			sourceTree = "<group>";
		};
		226E62DD19CC8C4900C3B6A3 /* Frameworks */ = {
			isa = PBXGroup;
			children = (
				226E62DE19CC8C4900C3B6A3 /* UIKit.framework */,
				226E62E019CC8C4900C3B6A3 /* Foundation.framework */,
				226E62E219CC8C4900C3B6A3 /* CoreGraphics.framework */,
				226E62FC19CC8C4900C3B6A3 /* SenTestingKit.framework */,
			);
			name = Frameworks;
			sourceTree = "<group>";
		};
		226E62E419CC8C4900C3B6A3 /* ganesh */ = {
			isa = PBXGroup;
			children = (
				22752B1819D6D0DC0019D5F6 /* undo33.jpg */,
				22752B0B19D6C96B0019D5F6 /* bulbedited.jpg */,
				2276A71519D5D19F003430EC /* bulb.jpg */,
				2272019D19D4787100E9F95A /* bulb1edit.jpg */,
				2272019E19D4787100E9F95A /* electrifyedit.jpg */,
				2274088619D4599D00F339C7 /* Hyderabad Metro Rail Limited_files.jpg */,
				2271CFC519D3138B00B3F68E /* glow.jpg */,
				2271CFC619D3138B00B3F68E /* unglow.jpg */,
				22739BCD19D1E63400AC516B /* backgroundedited.jpg */,
				22739BCE19D1E63400AC516B /* blub1edited.jpg */,
				22739BBE19D1CB2E00AC516B /* blub2.jpg */,
				22739BBB19D1CAF800AC516B /* blub1.jpg */,
				2274F5A719D094740041B7EF /* back.jpg */,
				2274F55919D07E9E0041B7EF /* background.jpg */,
				226E62ED19CC8C4900C3B6A3 /* firstAppDelegate.h */,
				226E62EE19CC8C4900C3B6A3 /* firstAppDelegate.m */,
				226E62F019CC8C4900C3B6A3 /* MainStoryboard.storyboard */,
				226E62F319CC8C4900C3B6A3 /* firstViewController.h */,
				226E62F419CC8C4900C3B6A3 /* firstViewController.m */,
				226E62E519CC8C4900C3B6A3 /* Supporting Files */,
				2274F5A919D097C50041B7EF /* easy.h */,
				2274F5AA19D097C50041B7EF /* easy.m */,
				22739BC019D1CD3600AC516B /* hard.h */,
				22739BC119D1CD3600AC516B /* hard.m */,
				22739BC719D1DE2800AC516B /* easylevelcase.h */,
				22739BC819D1DE2800AC516B /* easylevelcase.m */,
				2271CFCA19D3162E00B3F68E /* evenmat.h */,
				2271CFCB19D3162E00B3F68E /* evenmat.m */,
				2271CFCD19D3163D00B3F68E /* oddmat.h */,
				2271CFCE19D3163D00B3F68E /* oddmat.m */,
			);
			path = ganesh;
			sourceTree = "<group>";
		};
		226E62E519CC8C4900C3B6A3 /* Supporting Files */ = {
			isa = PBXGroup;
			children = (
				226E62E619CC8C4900C3B6A3 /* ganesh-Info.plist */,
				226E62E719CC8C4900C3B6A3 /* InfoPlist.strings */,
				226E62EA19CC8C4900C3B6A3 /* main.m */,
				226E62EC19CC8C4900C3B6A3 /* ganesh-Prefix.pch */,
			);
			name = "Supporting Files";
			sourceTree = "<group>";
		};
		226E630219CC8C4900C3B6A3 /* ganeshTests */ = {
			isa = PBXGroup;
			children = (
				226E630819CC8C4900C3B6A3 /* ganeshTests.h */,
				226E630919CC8C4900C3B6A3 /* ganeshTests.m */,
				226E630319CC8C4900C3B6A3 /* Supporting Files */,
			);
			path = ganeshTests;
			sourceTree = "<group>";
		};
		226E630319CC8C4900C3B6A3 /* Supporting Files */ = {
			isa = PBXGroup;
			children = (
				226E630419CC8C4900C3B6A3 /* ganeshTests-Info.plist */,
				226E630519CC8C4900C3B6A3 /* InfoPlist.strings */,
			);
			name = "Supporting Files";
			sourceTree = "<group>";
		};
/* End PBXGroup section */

/* Begin PBXNativeTarget section */
		226E62D919CC8C4900C3B6A3 /* ganesh */ = {
			isa = PBXNativeTarget;
			buildConfigurationList = 226E630D19CC8C4900C3B6A3 /* Build configuration list for PBXNativeTarget "ganesh" */;
			buildPhases = (
				226E62D619CC8C4900C3B6A3 /* Sources */,
				226E62D719CC8C4900C3B6A3 /* Frameworks */,
				226E62D819CC8C4900C3B6A3 /* Resources */,
			);
			buildRules = (
			);
			dependencies = (
			);
			name = ganesh;
			productName = ganesh;
			productReference = 226E62DA19CC8C4900C3B6A3 /* ganesh.app */;
			productType = "com.apple.product-type.application";
		};
		226E62FA19CC8C4900C3B6A3 /* ganeshTests */ = {
			isa = PBXNativeTarget;
			buildConfigurationList = 226E631019CC8C4900C3B6A3 /* Build configuration list for PBXNativeTarget "ganeshTests" */;
			buildPhases = (
				226E62F619CC8C4900C3B6A3 /* Sources */,
				226E62F719CC8C4900C3B6A3 /* Frameworks */,
				226E62F819CC8C4900C3B6A3 /* Resources */,
				226E62F919CC8C4900C3B6A3 /* ShellScript */,
			);
			buildRules = (
			);
			dependencies = (
				226E630119CC8C4900C3B6A3 /* PBXTargetDependency */,
			);
			name = ganeshTests;
			productName = ganeshTests;
			productReference = 226E62FB19CC8C4900C3B6A3 /* ganeshTests.octest */;
			productType = "com.apple.product-type.bundle";
		};
/* End PBXNativeTarget section */

/* Begin PBXProject section */
		226E62D119CC8C4800C3B6A3 /* Project object */ = {
			isa = PBXProject;
			attributes = {
				LastUpgradeCheck = 0430;
			};
			buildConfigurationList = 226E62D419CC8C4800C3B6A3 /* Build configuration list for PBXProject "ganesh" */;
			compatibilityVersion = "Xcode 3.2";
			developmentRegion = English;
			hasScannedForEncodings = 0;
			knownRegions = (
				en,
			);
			mainGroup = 226E62CF19CC8C4800C3B6A3;
			productRefGroup = 226E62DB19CC8C4900C3B6A3 /* Products */;
			projectDirPath = "";
			projectRoot = "";
			targets = (
				226E62D919CC8C4900C3B6A3 /* ganesh */,
				226E62FA19CC8C4900C3B6A3 /* ganeshTests */,
			);
		};
/* End PBXProject section */

/* Begin PBXResourcesBuildPhase section */
		226E62D819CC8C4900C3B6A3 /* Resources */ = {
			isa = PBXResourcesBuildPhase;
			buildActionMask = 2147483647;
			files = (
				226E62E919CC8C4900C3B6A3 /* InfoPlist.strings in Resources */,
				226E62F219CC8C4900C3B6A3 /* MainStoryboard.storyboard in Resources */,
				2274F55A19D07E9E0041B7EF /* background.jpg in Resources */,
				2274F5A819D094740041B7EF /* back.jpg in Resources */,
				22739BBC19D1CAF800AC516B /* blub1.jpg in Resources */,
				22739BBF19D1CB2E00AC516B /* blub2.jpg in Resources */,
				22739BCF19D1E63400AC516B /* backgroundedited.jpg in Resources */,
				22739BD019D1E63400AC516B /* blub1edited.jpg in Resources */,
				2271CFC719D3138B00B3F68E /* glow.jpg in Resources */,
				2271CFC819D3138B00B3F68E /* unglow.jpg in Resources */,
				2274088719D4599D00F339C7 /* Hyderabad Metro Rail Limited_files.jpg in Resources */,
				2272019F19D4787100E9F95A /* bulb1edit.jpg in Resources */,
				227201A019D4787100E9F95A /* electrifyedit.jpg in Resources */,
				2276A71619D5D19F003430EC /* bulb.jpg in Resources */,
				22752B0C19D6C96B0019D5F6 /* bulbedited.jpg in Resources */,
				22752B1919D6D0DC0019D5F6 /* undo33.jpg in Resources */,
			);
			runOnlyForDeploymentPostprocessing = 0;
		};
		226E62F819CC8C4900C3B6A3 /* Resources */ = {
			isa = PBXResourcesBuildPhase;
			buildActionMask = 2147483647;
			files = (
				226E630719CC8C4900C3B6A3 /* InfoPlist.strings in Resources */,
			);
			runOnlyForDeploymentPostprocessing = 0;
		};
/* End PBXResourcesBuildPhase section */

/* Begin PBXShellScriptBuildPhase section */
		226E62F919CC8C4900C3B6A3 /* ShellScript */ = {
			isa = PBXShellScriptBuildPhase;
			buildActionMask = 2147483647;
			files = (
			);
			inputPaths = (
			);
			outputPaths = (
			);
			runOnlyForDeploymentPostprocessing = 0;
			shellPath = /bin/sh;
			shellScript = "# Run the unit tests in this test bundle.\n\"${SYSTEM_DEVELOPER_DIR}/Tools/RunUnitTests\"\n";
		};
/* End PBXShellScriptBuildPhase section */

/* Begin PBXSourcesBuildPhase section */
		226E62D619CC8C4900C3B6A3 /* Sources */ = {
			isa = PBXSourcesBuildPhase;
			buildActionMask = 2147483647;
			files = (
				226E62EB19CC8C4900C3B6A3 /* main.m in Sources */,
				226E62EF19CC8C4900C3B6A3 /* firstAppDelegate.m in Sources */,
				226E62F519CC8C4900C3B6A3 /* firstViewController.m in Sources */,
				2274F5AB19D097C50041B7EF /* easy.m in Sources */,
				22739BC219D1CD3600AC516B /* hard.m in Sources */,
				22739BC919D1DE2900AC516B /* easylevelcase.m in Sources */,
				2271CFCC19D3162E00B3F68E /* evenmat.m in Sources */,
				2271CFCF19D3163D00B3F68E /* oddmat.m in Sources */,
			);
			runOnlyForDeploymentPostprocessing = 0;
		};
		226E62F619CC8C4900C3B6A3 /* Sources */ = {
			isa = PBXSourcesBuildPhase;
			buildActionMask = 2147483647;
			files = (
				226E630A19CC8C4900C3B6A3 /* ganeshTests.m in Sources */,
			);
			runOnlyForDeploymentPostprocessing = 0;
		};
/* End PBXSourcesBuildPhase section */

/* Begin PBXTargetDependency section */
		226E630119CC8C4900C3B6A3 /* PBXTargetDependency */ = {
			isa = PBXTargetDependency;
			target = 226E62D919CC8C4900C3B6A3 /* ganesh */;
			targetProxy = 226E630019CC8C4900C3B6A3 /* PBXContainerItemProxy */;
		};
/* End PBXTargetDependency section */

/* Begin PBXVariantGroup section */
		226E62E719CC8C4900C3B6A3 /* InfoPlist.strings */ = {
			isa = PBXVariantGroup;
			children = (
				226E62E819CC8C4900C3B6A3 /* en */,
			);
			name = InfoPlist.strings;
			sourceTree = "<group>";
		};
		226E62F019CC8C4900C3B6A3 /* MainStoryboard.storyboard */ = {
			isa = PBXVariantGroup;
			children = (
				226E62F119CC8C4900C3B6A3 /* en */,
			);
			name = MainStoryboard.storyboard;
			sourceTree = "<group>";
		};
		226E630519CC8C4900C3B6A3 /* InfoPlist.strings */ = {
			isa = PBXVariantGroup;
			children = (
				226E630619CC8C4900C3B6A3 /* en */,
			);
			name = InfoPlist.strings;
			sourceTree = "<group>";
		};
/* End PBXVariantGroup section */

/* Begin XCBuildConfiguration section */
		226E630B19CC8C4900C3B6A3 /* Debug */ = {
			isa = XCBuildConfiguration;
			buildSettings = {
				ALWAYS_SEARCH_USER_PATHS = NO;
				ARCHS = "$(ARCHS_STANDARD_32_BIT)";
				CLANG_ENABLE_OBJC_ARC = YES;
				"CODE_SIGN_IDENTITY[sdk=iphoneos*]" = "iPhone Developer";
				COPY_PHASE_STRIP = NO;
				GCC_C_LANGUAGE_STANDARD = gnu99;
				GCC_DYNAMIC_NO_PIC = NO;
				GCC_OPTIMIZATION_LEVEL = 0;
				GCC_PREPROCESSOR_DEFINITIONS = (
					"DEBUG=1",
					"$(inherited)",
				);
				GCC_SYMBOLS_PRIVATE_EXTERN = NO;
				GCC_VERSION = com.apple.compilers.llvm.clang.1_0;
				GCC_WARN_ABOUT_MISSING_PROTOTYPES = YES;
				GCC_WARN_ABOUT_RETURN_TYPE = YES;
				GCC_WARN_UNUSED_VARIABLE = YES;
				IPHONEOS_DEPLOYMENT_TARGET = 5.1;
				SDKROOT = iphoneos;
			};
			name = Debug;
		};
		226E630C19CC8C4900C3B6A3 /* Release */ = {
			isa = XCBuildConfiguration;
			buildSettings = {
				ALWAYS_SEARCH_USER_PATHS = NO;
				ARCHS = "$(ARCHS_STANDARD_32_BIT)";
				CLANG_ENABLE_OBJC_ARC = YES;
				"CODE_SIGN_IDENTITY[sdk=iphoneos*]" = "iPhone Developer";
				COPY_PHASE_STRIP = YES;
				GCC_C_LANGUAGE_STANDARD = gnu99;
				GCC_VERSION = com.apple.compilers.llvm.clang.1_0;
				GCC_WARN_ABOUT_MISSING_PROTOTYPES = YES;
				GCC_WARN_ABOUT_RETURN_TYPE = YES;
				GCC_WARN_UNUSED_VARIABLE = YES;
				IPHONEOS_DEPLOYMENT_TARGET = 5.1;
				OTHER_CFLAGS = "-DNS_BLOCK_ASSERTIONS=1";
				SDKROOT = iphoneos;
				VALIDATE_PRODUCT = YES;
			};
			name = Release;
		};
		226E630E19CC8C4900C3B6A3 /* Debug */ = {
			isa = XCBuildConfiguration;
			buildSettings = {
				GCC_PRECOMPILE_PREFIX_HEADER = YES;
				GCC_PREFIX_HEADER = "ganesh/ganesh-Prefix.pch";
				INFOPLIST_FILE = "ganesh/ganesh-Info.plist";
				PRODUCT_NAME = "$(TARGET_NAME)";
				WRAPPER_EXTENSION = app;
			};
			name = Debug;
		};
		226E630F19CC8C4900C3B6A3 /* Release */ = {
			isa = XCBuildConfiguration;
			buildSettings = {
				GCC_PRECOMPILE_PREFIX_HEADER = YES;
				GCC_PREFIX_HEADER = "ganesh/ganesh-Prefix.pch";
				INFOPLIST_FILE = "ganesh/ganesh-Info.plist";
				PRODUCT_NAME = "$(TARGET_NAME)";
				WRAPPER_EXTENSION = app;
			};
			name = Release;
		};
		226E631119CC8C4900C3B6A3 /* Debug */ = {
			isa = XCBuildConfiguration;
			buildSettings = {
				BUNDLE_LOADER = "$(BUILT_PRODUCTS_DIR)/ganesh.app/ganesh";
				FRAMEWORK_SEARCH_PATHS = (
					"$(SDKROOT)/Developer/Library/Frameworks",
					"$(DEVELOPER_LIBRARY_DIR)/Frameworks",
				);
				GCC_PRECOMPILE_PREFIX_HEADER = YES;
				GCC_PREFIX_HEADER = "ganesh/ganesh-Prefix.pch";
				INFOPLIST_FILE = "ganeshTests/ganeshTests-Info.plist";
				PRODUCT_NAME = "$(TARGET_NAME)";
				TEST_HOST = "$(BUNDLE_LOADER)";
				WRAPPER_EXTENSION = octest;
			};
			name = Debug;
		};
		226E631219CC8C4900C3B6A3 /* Release */ = {
			isa = XCBuildConfiguration;
			buildSettings = {
				BUNDLE_LOADER = "$(BUILT_PRODUCTS_DIR)/ganesh.app/ganesh";
				FRAMEWORK_SEARCH_PATHS = (
					"$(SDKROOT)/Developer/Library/Frameworks",
					"$(DEVELOPER_LIBRARY_DIR)/Frameworks",
				);
				GCC_PRECOMPILE_PREFIX_HEADER = YES;
				GCC_PREFIX_HEADER = "ganesh/ganesh-Prefix.pch";
				INFOPLIST_FILE = "ganeshTests/ganeshTests-Info.plist";
				PRODUCT_NAME = "$(TARGET_NAME)";
				TEST_HOST = "$(BUNDLE_LOADER)";
				WRAPPER_EXTENSION = octest;
			};
			name = Release;
		};
/* End XCBuildConfiguration section */

/* Begin XCConfigurationList section */
		226E62D419CC8C4800C3B6A3 /* Build configuration list for PBXProject "ganesh" */ = {
			isa = XCConfigurationList;
			buildConfigurations = (
				226E630B19CC8C4900C3B6A3 /* Debug */,
				226E630C19CC8C4900C3B6A3 /* Release */,
			);
			defaultConfigurationIsVisible = 0;
			defaultConfigurationName = Release;
		};
		226E630D19CC8C4900C3B6A3 /* Build configuration list for PBXNativeTarget "ganesh" */ = {
			isa = XCConfigurationList;
			buildConfigurations = (
				226E630E19CC8C4900C3B6A3 /* Debug */,
				226E630F19CC8C4900C3B6A3 /* Release */,
			);
			defaultConfigurationIsVisible = 0;
			defaultConfigurationName = Release;
		};
		226E631019CC8C4900C3B6A3 /* Build configuration list for PBXNativeTarget "ganeshTests" */ = {
			isa = XCConfigurationList;
			buildConfigurations = (
				226E631119CC8C4900C3B6A3 /* Debug */,
				226E631219CC8C4900C3B6A3 /* Release */,
			);
			defaultConfigurationIsVisible = 0;
			defaultConfigurationName = Release;
		};
/* End XCConfigurationList section */
	};
	rootObject = 226E62D119CC8C4800C3B6A3 /* Project object */;
}
